
Microsoft Visual Studio Solution File, Format Version 12.00
# Visual Studio 15
VisualStudioVersion = 15.0.27130.2026
MinimumVisualStudioVersion = 10.0.40219.1
Project("{FAE04EC0-301F-11D3-BF4B-00C04F79EFBC}") = "ScrapeSpringfield", "ScrapeSpringfield\ScrapeSpringfield.csproj", "{E132A5EC-7149-41D9-BCCD-CD192B611FCA}"
EndProject
Project("{2150E333-8FDC-42A3-9474-1A3956D46DE8}") = "Solution Items", "Solution Items", "{60DE2CEA-8650-44A1-AFA4-34266C0AFBC2}"
	ProjectSection(SolutionItems) = preProject
		README.md = README.md
	EndProjectSection
EndProject
Global
	GlobalSection(SolutionConfigurationPlatforms) = preSolution
		Debug|Any CPU = Debug|Any CPU
		Release|Any CPU = Release|Any CPU
	EndGlobalSection
	GlobalSection(ProjectConfigurationPlatforms) = postSolution
		{E132A5EC-7149-41D9-BCCD-CD192B611FCA}.Debug|Any CPU.ActiveCfg = Debug|Any CPU
		{E132A5EC-7149-41D9-BCCD-CD192B611FCA}.Debug|Any CPU.Build.0 = Debug|Any CPU
		{E132A5EC-7149-41D9-BCCD-CD192B611FCA}.Release|Any CPU.ActiveCfg = Release|Any CPU
		{E132A5EC-7149-41D9-BCCD-CD192B611FCA}.Release|Any CPU.Build.0 = Release|Any CPU
	EndGlobalSection
	GlobalSection(SolutionProperties) = preSolution
		HideSolutionNode = FALSE
	EndGlobalSection
	GlobalSection(ExtensibilityGlobals) = postSolution
		SolutionGuid = {A748481E-4D77-4DC8-AE78-269427379917}
	EndGlobalSection
EndGlobal
